
Microsoft Visual Studio Solution File, Format Version 12.00
# Visual Studio Version 17
VisualStudioVersion = 17.14.36408.4
MinimumVisualStudioVersion = 10.0.40219.1
Project("{FAE04EC0-301F-11D3-BF4B-00C04F79EFBC}") = "BudgetManagement", "BudgetManagement\BudgetManagement.csproj", "{CCE8F82E-102D-C834-56EC-499EDF0537F3}"
EndProject
Global
	GlobalSection(SolutionConfigurationPlatforms) = preSolution
		Debug|Any CPU = Debug|Any CPU
		Release|Any CPU = Release|Any CPU
	EndGlobalSection
	GlobalSection(ProjectConfigurationPlatforms) = postSolution
		{CCE8F82E-102D-C834-56EC-499EDF0537F3}.Debug|Any CPU.ActiveCfg = Debug|Any CPU
		{CCE8F82E-102D-C834-56EC-499EDF0537F3}.Debug|Any CPU.Build.0 = Debug|Any CPU
		{CCE8F82E-102D-C834-56EC-499EDF0537F3}.Release|Any CPU.ActiveCfg = Release|Any CPU
		{CCE8F82E-102D-C834-56EC-499EDF0537F3}.Release|Any CPU.Build.0 = Release|Any CPU
	EndGlobalSection
	GlobalSection(SolutionProperties) = preSolution
		HideSolutionNode = FALSE
	EndGlobalSection
	GlobalSection(ExtensibilityGlobals) = postSolution
		SolutionGuid = {A0E02BC6-ED8D-482A-B2BE-17907DF946EC}
	EndGlobalSection
EndGlobal
